// !$*UTF8*$!
{
	archiveVersion = 1;
	classes = {
	};
	objectVersion = 55;
	objects = {

/* Begin PBXBuildFile section */
		C752F426B303AEE27780C5A0 /* Pods_Deers.framework in Frameworks */ = {isa = PBXBuildFile; fileRef = 9706D79DD36F9C0F16543482 /* Pods_Deers.framework */; };
		E414E4B7287EDFED00A681B1 /* Constants.swift in Sources */ = {isa = PBXBuildFile; fileRef = E414E4B6287EDFED00A681B1 /* Constants.swift */; };
		E414E4B9287EF67700A681B1 /* SocialMediaIcon.swift in Sources */ = {isa = PBXBuildFile; fileRef = E414E4B8287EF67700A681B1 /* SocialMediaIcon.swift */; };
		E427A52428734AE9002D0879 /* GoogleService-Info.plist in Resources */ = {isa = PBXBuildFile; fileRef = E427A52328734AE8002D0879 /* GoogleService-Info.plist */; };
		E427A52C2877F04D002D0879 /* SubmitReviewView.swift in Sources */ = {isa = PBXBuildFile; fileRef = E427A52B2877F04D002D0879 /* SubmitReviewView.swift */; };
		E427A52E2877F05F002D0879 /* ReviewsView.swift in Sources */ = {isa = PBXBuildFile; fileRef = E427A52D2877F05F002D0879 /* ReviewsView.swift */; };
		E427A5302877F672002D0879 /* ReviewsViewModel.swift in Sources */ = {isa = PBXBuildFile; fileRef = E427A52F2877F672002D0879 /* ReviewsViewModel.swift */; };
		E43CAB5E288D8DD1006AA23D /* DeersTests.swift in Sources */ = {isa = PBXBuildFile; fileRef = E43CAB5D288D8DD1006AA23D /* DeersTests.swift */; };
		E43F49D22882DD9F0005F324 /* SocialMediaApp.swift in Sources */ = {isa = PBXBuildFile; fileRef = E43F49D12882DD9F0005F324 /* SocialMediaApp.swift */; };
		E43F49D62882F2BD0005F324 /* TextEditorManager.swift in Sources */ = {isa = PBXBuildFile; fileRef = E43F49D52882F2BD0005F324 /* TextEditorManager.swift */; };
		E4BF4C53286D741D002B1313 /* DeersApp.swift in Sources */ = {isa = PBXBuildFile; fileRef = E4BF4C52286D741D002B1313 /* DeersApp.swift */; };
		E4BF4C55286D741D002B1313 /* ContentView.swift in Sources */ = {isa = PBXBuildFile; fileRef = E4BF4C54286D741D002B1313 /* ContentView.swift */; };
		E4BF4C57286D7421002B1313 /* Assets.xcassets in Resources */ = {isa = PBXBuildFile; fileRef = E4BF4C56286D7421002B1313 /* Assets.xcassets */; };
		E4BF4C5A286D7421002B1313 /* Preview Assets.xcassets in Resources */ = {isa = PBXBuildFile; fileRef = E4BF4C59286D7421002B1313 /* Preview Assets.xcassets */; };
		E4BF4C63286D9360002B1313 /* Review.swift in Sources */ = {isa = PBXBuildFile; fileRef = E4BF4C62286D9360002B1313 /* Review.swift */; };
		E4BF4C66286D9B58002B1313 /* CustomButton.swift in Sources */ = {isa = PBXBuildFile; fileRef = E4BF4C65286D9B58002B1313 /* CustomButton.swift */; };
		E4BF4C6A286DA0FF002B1313 /* readme.txt in Resources */ = {isa = PBXBuildFile; fileRef = E4BF4C68286DA0FF002B1313 /* readme.txt */; };
		E4BF4C6B286DA0FF002B1313 /* riesling.ttf in Resources */ = {isa = PBXBuildFile; fileRef = E4BF4C69286DA0FF002B1313 /* riesling.ttf */; };
		E4CEB14C288AADCD00A18F4C /* Sidebar.swift in Sources */ = {isa = PBXBuildFile; fileRef = E4CEB14B288AADCD00A18F4C /* Sidebar.swift */; };
		E4DAF775288C238600C9AFF8 /* MultiDatePicker.swift in Sources */ = {isa = PBXBuildFile; fileRef = E4DAF774288C238600C9AFF8 /* MultiDatePicker.swift */; };
		E4DAF778288C252F00C9AFF8 /* MDPContentView.swift in Sources */ = {isa = PBXBuildFile; fileRef = E4DAF777288C252F00C9AFF8 /* MDPContentView.swift */; };
		E4DAF77A288C255F00C9AFF8 /* MDPDayOfMonth.swift in Sources */ = {isa = PBXBuildFile; fileRef = E4DAF779288C255F00C9AFF8 /* MDPDayOfMonth.swift */; };
		E4DAF77C288C258300C9AFF8 /* MDPDayView.swift in Sources */ = {isa = PBXBuildFile; fileRef = E4DAF77B288C258300C9AFF8 /* MDPDayView.swift */; };
		E4DAF77E288C25A100C9AFF8 /* MDPModel.swift in Sources */ = {isa = PBXBuildFile; fileRef = E4DAF77D288C25A100C9AFF8 /* MDPModel.swift */; };
		E4DAF780288C25BC00C9AFF8 /* MDPMonthView.swift in Sources */ = {isa = PBXBuildFile; fileRef = E4DAF77F288C25BC00C9AFF8 /* MDPMonthView.swift */; };
		E4DAF782288C25DB00C9AFF8 /* MDPMonthYearPicker.swift in Sources */ = {isa = PBXBuildFile; fileRef = E4DAF781288C25DB00C9AFF8 /* MDPMonthYearPicker.swift */; };
		E4DAF784288C25F000C9AFF8 /* MDPMonthYearPickerButton.swift in Sources */ = {isa = PBXBuildFile; fileRef = E4DAF783288C25F000C9AFF8 /* MDPMonthYearPickerButton.swift */; };
		E4DAF787288D846E00C9AFF8 /* SwiftUITooltip in Frameworks */ = {isa = PBXBuildFile; productRef = E4DAF786288D846E00C9AFF8 /* SwiftUITooltip */; };
/* End PBXBuildFile section */

/* Begin PBXContainerItemProxy section */
		E43CAB5F288D8DD2006AA23D /* PBXContainerItemProxy */ = {
			isa = PBXContainerItemProxy;
			containerPortal = E4BF4C47286D741D002B1313 /* Project object */;
			proxyType = 1;
			remoteGlobalIDString = E4BF4C4E286D741D002B1313;
			remoteInfo = Deers;
		};
/* End PBXContainerItemProxy section */

/* Begin PBXFileReference section */
		0FD46112982C98BB9872A010 /* Pods-Deers.release.xcconfig */ = {isa = PBXFileReference; includeInIndex = 1; lastKnownFileType = text.xcconfig; name = "Pods-Deers.release.xcconfig"; path = "Target Support Files/Pods-Deers/Pods-Deers.release.xcconfig"; sourceTree = "<group>"; };
		9706D79DD36F9C0F16543482 /* Pods_Deers.framework */ = {isa = PBXFileReference; explicitFileType = wrapper.framework; includeInIndex = 0; path = Pods_Deers.framework; sourceTree = BUILT_PRODUCTS_DIR; };
		E414E4B6287EDFED00A681B1 /* Constants.swift */ = {isa = PBXFileReference; lastKnownFileType = sourcecode.swift; path = Constants.swift; sourceTree = "<group>"; };
		E414E4B8287EF67700A681B1 /* SocialMediaIcon.swift */ = {isa = PBXFileReference; lastKnownFileType = sourcecode.swift; path = SocialMediaIcon.swift; sourceTree = "<group>"; };
		E427A52328734AE8002D0879 /* GoogleService-Info.plist */ = {isa = PBXFileReference; fileEncoding = 4; lastKnownFileType = text.plist.xml; path = "GoogleService-Info.plist"; sourceTree = "<group>"; };
		E427A52B2877F04D002D0879 /* SubmitReviewView.swift */ = {isa = PBXFileReference; lastKnownFileType = sourcecode.swift; name = SubmitReviewView.swift; path = Deers/Views/SubmitReviewView.swift; sourceTree = SOURCE_ROOT; };
		E427A52D2877F05F002D0879 /* ReviewsView.swift */ = {isa = PBXFileReference; lastKnownFileType = sourcecode.swift; name = ReviewsView.swift; path = Deers/Views/ReviewsView.swift; sourceTree = SOURCE_ROOT; };
		E427A52F2877F672002D0879 /* ReviewsViewModel.swift */ = {isa = PBXFileReference; lastKnownFileType = sourcecode.swift; path = ReviewsViewModel.swift; sourceTree = "<group>"; };
		E43CAB5B288D8DD1006AA23D /* DeersTests.xctest */ = {isa = PBXFileReference; explicitFileType = wrapper.cfbundle; includeInIndex = 0; path = DeersTests.xctest; sourceTree = BUILT_PRODUCTS_DIR; };
		E43CAB5D288D8DD1006AA23D /* DeersTests.swift */ = {isa = PBXFileReference; lastKnownFileType = sourcecode.swift; path = DeersTests.swift; sourceTree = "<group>"; };
		E43F49D12882DD9F0005F324 /* SocialMediaApp.swift */ = {isa = PBXFileReference; lastKnownFileType = sourcecode.swift; path = SocialMediaApp.swift; sourceTree = "<group>"; };
		E43F49D52882F2BD0005F324 /* TextEditorManager.swift */ = {isa = PBXFileReference; lastKnownFileType = sourcecode.swift; path = TextEditorManager.swift; sourceTree = "<group>"; };
		E4BF4C4F286D741D002B1313 /* Deers.app */ = {isa = PBXFileReference; explicitFileType = wrapper.application; includeInIndex = 0; path = Deers.app; sourceTree = BUILT_PRODUCTS_DIR; };
		E4BF4C52286D741D002B1313 /* DeersApp.swift */ = {isa = PBXFileReference; lastKnownFileType = sourcecode.swift; path = DeersApp.swift; sourceTree = "<group>"; };
		E4BF4C54286D741D002B1313 /* ContentView.swift */ = {isa = PBXFileReference; lastKnownFileType = sourcecode.swift; path = ContentView.swift; sourceTree = "<group>"; };
		E4BF4C56286D7421002B1313 /* Assets.xcassets */ = {isa = PBXFileReference; lastKnownFileType = folder.assetcatalog; path = Assets.xcassets; sourceTree = "<group>"; };
		E4BF4C59286D7421002B1313 /* Preview Assets.xcassets */ = {isa = PBXFileReference; lastKnownFileType = folder.assetcatalog; path = "Preview Assets.xcassets"; sourceTree = "<group>"; };
		E4BF4C62286D9360002B1313 /* Review.swift */ = {isa = PBXFileReference; lastKnownFileType = sourcecode.swift; path = Review.swift; sourceTree = "<group>"; };
		E4BF4C65286D9B58002B1313 /* CustomButton.swift */ = {isa = PBXFileReference; lastKnownFileType = sourcecode.swift; path = CustomButton.swift; sourceTree = "<group>"; };
		E4BF4C68286DA0FF002B1313 /* readme.txt */ = {isa = PBXFileReference; fileEncoding = 4; lastKnownFileType = text; path = readme.txt; sourceTree = "<group>"; };
		E4BF4C69286DA0FF002B1313 /* riesling.ttf */ = {isa = PBXFileReference; lastKnownFileType = file; path = riesling.ttf; sourceTree = "<group>"; };
		E4BF4C6C286DA1E3002B1313 /* Info.plist */ = {isa = PBXFileReference; lastKnownFileType = text.plist; path = Info.plist; sourceTree = "<group>"; };
		E4CEB14B288AADCD00A18F4C /* Sidebar.swift */ = {isa = PBXFileReference; lastKnownFileType = sourcecode.swift; path = Sidebar.swift; sourceTree = "<group>"; };
		E4DAF774288C238600C9AFF8 /* MultiDatePicker.swift */ = {isa = PBXFileReference; lastKnownFileType = sourcecode.swift; name = MultiDatePicker.swift; path = ../../../../../Documents/MultiDatePicker.swift; sourceTree = "<group>"; };
		E4DAF777288C252F00C9AFF8 /* MDPContentView.swift */ = {isa = PBXFileReference; lastKnownFileType = sourcecode.swift; name = MDPContentView.swift; path = ../../../../../Documents/MDPContentView.swift; sourceTree = "<group>"; };
		E4DAF779288C255F00C9AFF8 /* MDPDayOfMonth.swift */ = {isa = PBXFileReference; lastKnownFileType = sourcecode.swift; path = MDPDayOfMonth.swift; sourceTree = "<group>"; };
		E4DAF77B288C258300C9AFF8 /* MDPDayView.swift */ = {isa = PBXFileReference; lastKnownFileType = sourcecode.swift; path = MDPDayView.swift; sourceTree = "<group>"; };
		E4DAF77D288C25A100C9AFF8 /* MDPModel.swift */ = {isa = PBXFileReference; lastKnownFileType = sourcecode.swift; path = MDPModel.swift; sourceTree = "<group>"; };
		E4DAF77F288C25BC00C9AFF8 /* MDPMonthView.swift */ = {isa = PBXFileReference; lastKnownFileType = sourcecode.swift; path = MDPMonthView.swift; sourceTree = "<group>"; };
		E4DAF781288C25DB00C9AFF8 /* MDPMonthYearPicker.swift */ = {isa = PBXFileReference; lastKnownFileType = sourcecode.swift; path = MDPMonthYearPicker.swift; sourceTree = "<group>"; };
		E4DAF783288C25F000C9AFF8 /* MDPMonthYearPickerButton.swift */ = {isa = PBXFileReference; lastKnownFileType = sourcecode.swift; path = MDPMonthYearPickerButton.swift; sourceTree = "<group>"; };
		F02241B1FEF6AFADEEB34F62 /* Pods-Deers.debug.xcconfig */ = {isa = PBXFileReference; includeInIndex = 1; lastKnownFileType = text.xcconfig; name = "Pods-Deers.debug.xcconfig"; path = "Target Support Files/Pods-Deers/Pods-Deers.debug.xcconfig"; sourceTree = "<group>"; };
/* End PBXFileReference section */

/* Begin PBXFrameworksBuildPhase section */
		E43CAB58288D8DD1006AA23D /* Frameworks */ = {
			isa = PBXFrameworksBuildPhase;
			buildActionMask = 2147483647;
			files = (
			);
			runOnlyForDeploymentPostprocessing = 0;
		};
		E4BF4C4C286D741D002B1313 /* Frameworks */ = {
			isa = PBXFrameworksBuildPhase;
			buildActionMask = 2147483647;
			files = (
				E4DAF787288D846E00C9AFF8 /* SwiftUITooltip in Frameworks */,
				C752F426B303AEE27780C5A0 /* Pods_Deers.framework in Frameworks */,
			);
			runOnlyForDeploymentPostprocessing = 0;
		};
/* End PBXFrameworksBuildPhase section */

/* Begin PBXGroup section */
		0FE8B48DE8BF8A2BA754E7B2 /* Frameworks */ = {
			isa = PBXGroup;
			children = (
				9706D79DD36F9C0F16543482 /* Pods_Deers.framework */,
			);
			name = Frameworks;
			sourceTree = "<group>";
		};
		462FB10E154291ADA9CFF492 /* Pods */ = {
			isa = PBXGroup;
			children = (
				F02241B1FEF6AFADEEB34F62 /* Pods-Deers.debug.xcconfig */,
				0FD46112982C98BB9872A010 /* Pods-Deers.release.xcconfig */,
			);
			path = Pods;
			sourceTree = "<group>";
		};
		E43CAB5C288D8DD1006AA23D /* DeersTests */ = {
			isa = PBXGroup;
			children = (
				E43CAB5D288D8DD1006AA23D /* DeersTests.swift */,
			);
			path = DeersTests;
			sourceTree = "<group>";
		};
		E43F49D02882DC810005F324 /* ViewModel */ = {
			isa = PBXGroup;
			children = (
				E427A52F2877F672002D0879 /* ReviewsViewModel.swift */,
				E43F49D52882F2BD0005F324 /* TextEditorManager.swift */,
			);
			path = ViewModel;
			sourceTree = "<group>";
		};
		E457C3D72878159E00664C0C /* Views */ = {
			isa = PBXGroup;
			children = (
				E427A52D2877F05F002D0879 /* ReviewsView.swift */,
				E427A52B2877F04D002D0879 /* SubmitReviewView.swift */,
				E4BF4C54286D741D002B1313 /* ContentView.swift */,
			);
			path = Views;
			sourceTree = "<group>";
		};
		E4BF4C46286D741D002B1313 = {
			isa = PBXGroup;
			children = (
				E4BF4C51286D741D002B1313 /* Deers */,
				E43CAB5C288D8DD1006AA23D /* DeersTests */,
				E4BF4C50286D741D002B1313 /* Products */,
				462FB10E154291ADA9CFF492 /* Pods */,
				0FE8B48DE8BF8A2BA754E7B2 /* Frameworks */,
			);
			sourceTree = "<group>";
		};
		E4BF4C50286D741D002B1313 /* Products */ = {
			isa = PBXGroup;
			children = (
				E4BF4C4F286D741D002B1313 /* Deers.app */,
				E43CAB5B288D8DD1006AA23D /* DeersTests.xctest */,
			);
			name = Products;
			sourceTree = "<group>";
		};
		E4BF4C51286D741D002B1313 /* Deers */ = {
			isa = PBXGroup;
			children = (
				E4DAF776288C250B00C9AFF8 /* DateComponents */,
				E4BF4C52286D741D002B1313 /* DeersApp.swift */,
				E414E4B6287EDFED00A681B1 /* Constants.swift */,
				E4BF4C60286D9340002B1313 /* Model */,
				E457C3D72878159E00664C0C /* Views */,
				E43F49D02882DC810005F324 /* ViewModel */,
				E4BF4C67286DA0B3002B1313 /* Fonts */,
				E4BF4C64286D9B43002B1313 /* CustomComponents */,
				E427A52328734AE8002D0879 /* GoogleService-Info.plist */,
				E4BF4C6C286DA1E3002B1313 /* Info.plist */,
				E4BF4C56286D7421002B1313 /* Assets.xcassets */,
				E4BF4C58286D7421002B1313 /* Preview Content */,
			);
			path = Deers;
			sourceTree = "<group>";
		};
		E4BF4C58286D7421002B1313 /* Preview Content */ = {
			isa = PBXGroup;
			children = (
				E4BF4C59286D7421002B1313 /* Preview Assets.xcassets */,
			);
			path = "Preview Content";
			sourceTree = "<group>";
		};
		E4BF4C60286D9340002B1313 /* Model */ = {
			isa = PBXGroup;
			children = (
				E4BF4C62286D9360002B1313 /* Review.swift */,
				E43F49D12882DD9F0005F324 /* SocialMediaApp.swift */,
			);
			path = Model;
			sourceTree = "<group>";
		};
		E4BF4C64286D9B43002B1313 /* CustomComponents */ = {
			isa = PBXGroup;
			children = (
				E4BF4C65286D9B58002B1313 /* CustomButton.swift */,
				E414E4B8287EF67700A681B1 /* SocialMediaIcon.swift */,
				E4CEB14B288AADCD00A18F4C /* Sidebar.swift */,
				E4DAF774288C238600C9AFF8 /* MultiDatePicker.swift */,
			);
			path = CustomComponents;
			sourceTree = "<group>";
		};
		E4BF4C67286DA0B3002B1313 /* Fonts */ = {
			isa = PBXGroup;
			children = (
				E4BF4C68286DA0FF002B1313 /* readme.txt */,
				E4BF4C69286DA0FF002B1313 /* riesling.ttf */,
			);
			path = Fonts;
			sourceTree = "<group>";
		};
		E4DAF776288C250B00C9AFF8 /* DateComponents */ = {
			isa = PBXGroup;
			children = (
				E4DAF777288C252F00C9AFF8 /* MDPContentView.swift */,
				E4DAF779288C255F00C9AFF8 /* MDPDayOfMonth.swift */,
				E4DAF77B288C258300C9AFF8 /* MDPDayView.swift */,
				E4DAF77D288C25A100C9AFF8 /* MDPModel.swift */,
				E4DAF77F288C25BC00C9AFF8 /* MDPMonthView.swift */,
				E4DAF781288C25DB00C9AFF8 /* MDPMonthYearPicker.swift */,
				E4DAF783288C25F000C9AFF8 /* MDPMonthYearPickerButton.swift */,
			);
			path = DateComponents;
			sourceTree = "<group>";
		};
/* End PBXGroup section */

/* Begin PBXNativeTarget section */
		E43CAB5A288D8DD1006AA23D /* DeersTests */ = {
			isa = PBXNativeTarget;
			buildConfigurationList = E43CAB63288D8DD2006AA23D /* Build configuration list for PBXNativeTarget "DeersTests" */;
			buildPhases = (
				E43CAB57288D8DD1006AA23D /* Sources */,
				E43CAB58288D8DD1006AA23D /* Frameworks */,
				E43CAB59288D8DD1006AA23D /* Resources */,
			);
			buildRules = (
			);
			dependencies = (
				E43CAB60288D8DD2006AA23D /* PBXTargetDependency */,
			);
			name = DeersTests;
			productName = DeersTests;
			productReference = E43CAB5B288D8DD1006AA23D /* DeersTests.xctest */;
			productType = "com.apple.product-type.bundle.unit-test";
		};
		E4BF4C4E286D741D002B1313 /* Deers */ = {
			isa = PBXNativeTarget;
			buildConfigurationList = E4BF4C5D286D7421002B1313 /* Build configuration list for PBXNativeTarget "Deers" */;
			buildPhases = (
				94F261CBCDED71933F4FF39A /* [CP] Check Pods Manifest.lock */,
				E4BF4C4B286D741D002B1313 /* Sources */,
				E4BF4C4C286D741D002B1313 /* Frameworks */,
				E4BF4C4D286D741D002B1313 /* Resources */,
				4A537AFC212CBA24EB9EEC09 /* [CP] Embed Pods Frameworks */,
			);
			buildRules = (
			);
			dependencies = (
			);
			name = Deers;
			packageProductDependencies = (
				E4DAF786288D846E00C9AFF8 /* SwiftUITooltip */,
			);
			productName = Deers;
			productReference = E4BF4C4F286D741D002B1313 /* Deers.app */;
			productType = "com.apple.product-type.application";
		};
/* End PBXNativeTarget section */

/* Begin PBXProject section */
		E4BF4C47286D741D002B1313 /* Project object */ = {
			isa = PBXProject;
			attributes = {
				BuildIndependentTargetsInParallel = 1;
				LastSwiftUpdateCheck = 1340;
				LastUpgradeCheck = 1340;
				TargetAttributes = {
					E43CAB5A288D8DD1006AA23D = {
						CreatedOnToolsVersion = 13.4;
						TestTargetID = E4BF4C4E286D741D002B1313;
					};
					E4BF4C4E286D741D002B1313 = {
						CreatedOnToolsVersion = 13.4;
					};
				};
			};
			buildConfigurationList = E4BF4C4A286D741D002B1313 /* Build configuration list for PBXProject "Deers" */;
			compatibilityVersion = "Xcode 13.0";
			developmentRegion = en;
			hasScannedForEncodings = 0;
			knownRegions = (
				en,
				Base,
			);
			mainGroup = E4BF4C46286D741D002B1313;
			packageReferences = (
				E4DAF785288D846E00C9AFF8 /* XCRemoteSwiftPackageReference "SwiftUI-Tooltip" */,
			);
			productRefGroup = E4BF4C50286D741D002B1313 /* Products */;
			projectDirPath = "";
			projectRoot = "";
			targets = (
				E4BF4C4E286D741D002B1313 /* Deers */,
				E43CAB5A288D8DD1006AA23D /* DeersTests */,
			);
		};
/* End PBXProject section */

/* Begin PBXResourcesBuildPhase section */
		E43CAB59288D8DD1006AA23D /* Resources */ = {
			isa = PBXResourcesBuildPhase;
			buildActionMask = 2147483647;
			files = (
			);
			runOnlyForDeploymentPostprocessing = 0;
		};
		E4BF4C4D286D741D002B1313 /* Resources */ = {
			isa = PBXResourcesBuildPhase;
			buildActionMask = 2147483647;
			files = (
				E4BF4C6A286DA0FF002B1313 /* readme.txt in Resources */,
				E4BF4C6B286DA0FF002B1313 /* riesling.ttf in Resources */,
				E427A52428734AE9002D0879 /* GoogleService-Info.plist in Resources */,
				E4BF4C5A286D7421002B1313 /* Preview Assets.xcassets in Resources */,
				E4BF4C57286D7421002B1313 /* Assets.xcassets in Resources */,
			);
			runOnlyForDeploymentPostprocessing = 0;
		};
/* End PBXResourcesBuildPhase section */

/* Begin PBXShellScriptBuildPhase section */
		4A537AFC212CBA24EB9EEC09 /* [CP] Embed Pods Frameworks */ = {
			isa = PBXShellScriptBuildPhase;
			buildActionMask = 2147483647;
			files = (
			);
			inputFileListPaths = (
				"${PODS_ROOT}/Target Support Files/Pods-Deers/Pods-Deers-frameworks-${CONFIGURATION}-input-files.xcfilelist",
			);
			name = "[CP] Embed Pods Frameworks";
			outputFileListPaths = (
				"${PODS_ROOT}/Target Support Files/Pods-Deers/Pods-Deers-frameworks-${CONFIGURATION}-output-files.xcfilelist",
			);
			runOnlyForDeploymentPostprocessing = 0;
			shellPath = /bin/sh;
			shellScript = "\"${PODS_ROOT}/Target Support Files/Pods-Deers/Pods-Deers-frameworks.sh\"\n";
			showEnvVarsInLog = 0;
		};
		94F261CBCDED71933F4FF39A /* [CP] Check Pods Manifest.lock */ = {
			isa = PBXShellScriptBuildPhase;
			buildActionMask = 2147483647;
			files = (
			);
			inputFileListPaths = (
			);
			inputPaths = (
				"${PODS_PODFILE_DIR_PATH}/Podfile.lock",
				"${PODS_ROOT}/Manifest.lock",
			);
			name = "[CP] Check Pods Manifest.lock";
			outputFileListPaths = (
			);
			outputPaths = (
				"$(DERIVED_FILE_DIR)/Pods-Deers-checkManifestLockResult.txt",
			);
			runOnlyForDeploymentPostprocessing = 0;
			shellPath = /bin/sh;
			shellScript = "diff \"${PODS_PODFILE_DIR_PATH}/Podfile.lock\" \"${PODS_ROOT}/Manifest.lock\" > /dev/null\nif [ $? != 0 ] ; then\n    # print error to STDERR\n    echo \"error: The sandbox is not in sync with the Podfile.lock. Run 'pod install' or update your CocoaPods installation.\" >&2\n    exit 1\nfi\n# This output is used by Xcode 'outputs' to avoid re-running this script phase.\necho \"SUCCESS\" > \"${SCRIPT_OUTPUT_FILE_0}\"\n";
			showEnvVarsInLog = 0;
		};
/* End PBXShellScriptBuildPhase section */

/* Begin PBXSourcesBuildPhase section */
		E43CAB57288D8DD1006AA23D /* Sources */ = {
			isa = PBXSourcesBuildPhase;
			buildActionMask = 2147483647;
			files = (
				E43CAB5E288D8DD1006AA23D /* DeersTests.swift in Sources */,
			);
			runOnlyForDeploymentPostprocessing = 0;
		};
		E4BF4C4B286D741D002B1313 /* Sources */ = {
			isa = PBXSourcesBuildPhase;
			buildActionMask = 2147483647;
			files = (
				E4DAF778288C252F00C9AFF8 /* MDPContentView.swift in Sources */,
				E427A52E2877F05F002D0879 /* ReviewsView.swift in Sources */,
				E4BF4C66286D9B58002B1313 /* CustomButton.swift in Sources */,
				E4DAF784288C25F000C9AFF8 /* MDPMonthYearPickerButton.swift in Sources */,
				E4DAF780288C25BC00C9AFF8 /* MDPMonthView.swift in Sources */,
				E4BF4C55286D741D002B1313 /* ContentView.swift in Sources */,
				E414E4B9287EF67700A681B1 /* SocialMediaIcon.swift in Sources */,
				E4DAF782288C25DB00C9AFF8 /* MDPMonthYearPicker.swift in Sources */,
				E4DAF77E288C25A100C9AFF8 /* MDPModel.swift in Sources */,
				E4DAF77C288C258300C9AFF8 /* MDPDayView.swift in Sources */,
				E4DAF77A288C255F00C9AFF8 /* MDPDayOfMonth.swift in Sources */,
				E427A52C2877F04D002D0879 /* SubmitReviewView.swift in Sources */,
				E4DAF775288C238600C9AFF8 /* MultiDatePicker.swift in Sources */,
				E43F49D62882F2BD0005F324 /* TextEditorManager.swift in Sources */,
				E43F49D22882DD9F0005F324 /* SocialMediaApp.swift in Sources */,
				E427A5302877F672002D0879 /* ReviewsViewModel.swift in Sources */,
				E4BF4C53286D741D002B1313 /* DeersApp.swift in Sources */,
				E4BF4C63286D9360002B1313 /* Review.swift in Sources */,
				E4CEB14C288AADCD00A18F4C /* Sidebar.swift in Sources */,
				E414E4B7287EDFED00A681B1 /* Constants.swift in Sources */,
			);
			runOnlyForDeploymentPostprocessing = 0;
		};
/* End PBXSourcesBuildPhase section */

/* Begin PBXTargetDependency section */
		E43CAB60288D8DD2006AA23D /* PBXTargetDependency */ = {
			isa = PBXTargetDependency;
			target = E4BF4C4E286D741D002B1313 /* Deers */;
			targetProxy = E43CAB5F288D8DD2006AA23D /* PBXContainerItemProxy */;
		};
/* End PBXTargetDependency section */

/* Begin XCBuildConfiguration section */
		E43CAB61288D8DD2006AA23D /* Debug */ = {
			isa = XCBuildConfiguration;
			buildSettings = {
				BUNDLE_LOADER = "$(TEST_HOST)";
				CODE_SIGN_STYLE = Automatic;
				CURRENT_PROJECT_VERSION = 1;
				GENERATE_INFOPLIST_FILE = YES;
				MARKETING_VERSION = 1.0;
				PRODUCT_BUNDLE_IDENTIFIER = com.raywenderlich.DeersTests;
				PRODUCT_NAME = "$(TARGET_NAME)";
				SWIFT_EMIT_LOC_STRINGS = NO;
				SWIFT_VERSION = 5.0;
				TARGETED_DEVICE_FAMILY = "1,2";
				TEST_HOST = "$(BUILT_PRODUCTS_DIR)/Deers.app/Deers";
			};
			name = Debug;
		};
		E43CAB62288D8DD2006AA23D /* Release */ = {
			isa = XCBuildConfiguration;
			buildSettings = {
				BUNDLE_LOADER = "$(TEST_HOST)";
				CODE_SIGN_STYLE = Automatic;
				CURRENT_PROJECT_VERSION = 1;
				GENERATE_INFOPLIST_FILE = YES;
				MARKETING_VERSION = 1.0;
				PRODUCT_BUNDLE_IDENTIFIER = com.raywenderlich.DeersTests;
				PRODUCT_NAME = "$(TARGET_NAME)";
				SWIFT_EMIT_LOC_STRINGS = NO;
				SWIFT_VERSION = 5.0;
				TARGETED_DEVICE_FAMILY = "1,2";
				TEST_HOST = "$(BUILT_PRODUCTS_DIR)/Deers.app/Deers";
			};
			name = Release;
		};
		E4BF4C5B286D7421002B1313 /* Debug */ = {
			isa = XCBuildConfiguration;
			buildSettings = {
				ALWAYS_SEARCH_USER_PATHS = NO;
				CLANG_ANALYZER_NONNULL = YES;
				CLANG_ANALYZER_NUMBER_OBJECT_CONVERSION = YES_AGGRESSIVE;
				CLANG_CXX_LANGUAGE_STANDARD = "gnu++17";
				CLANG_ENABLE_MODULES = YES;
				CLANG_ENABLE_OBJC_ARC = YES;
				CLANG_ENABLE_OBJC_WEAK = YES;
				CLANG_WARN_BLOCK_CAPTURE_AUTORELEASING = YES;
				CLANG_WARN_BOOL_CONVERSION = YES;
				CLANG_WARN_COMMA = YES;
				CLANG_WARN_CONSTANT_CONVERSION = YES;
				CLANG_WARN_DEPRECATED_OBJC_IMPLEMENTATIONS = YES;
				CLANG_WARN_DIRECT_OBJC_ISA_USAGE = YES_ERROR;
				CLANG_WARN_DOCUMENTATION_COMMENTS = YES;
				CLANG_WARN_EMPTY_BODY = YES;
				CLANG_WARN_ENUM_CONVERSION = YES;
				CLANG_WARN_INFINITE_RECURSION = YES;
				CLANG_WARN_INT_CONVERSION = YES;
				CLANG_WARN_NON_LITERAL_NULL_CONVERSION = YES;
				CLANG_WARN_OBJC_IMPLICIT_RETAIN_SELF = YES;
				CLANG_WARN_OBJC_LITERAL_CONVERSION = YES;
				CLANG_WARN_OBJC_ROOT_CLASS = YES_ERROR;
				CLANG_WARN_QUOTED_INCLUDE_IN_FRAMEWORK_HEADER = YES;
				CLANG_WARN_RANGE_LOOP_ANALYSIS = YES;
				CLANG_WARN_STRICT_PROTOTYPES = YES;
				CLANG_WARN_SUSPICIOUS_MOVE = YES;
				CLANG_WARN_UNGUARDED_AVAILABILITY = YES_AGGRESSIVE;
				CLANG_WARN_UNREACHABLE_CODE = YES;
				CLANG_WARN__DUPLICATE_METHOD_MATCH = YES;
				COPY_PHASE_STRIP = NO;
				DEBUG_INFORMATION_FORMAT = dwarf;
				ENABLE_STRICT_OBJC_MSGSEND = YES;
				ENABLE_TESTABILITY = YES;
				GCC_C_LANGUAGE_STANDARD = gnu11;
				GCC_DYNAMIC_NO_PIC = NO;
				GCC_NO_COMMON_BLOCKS = YES;
				GCC_OPTIMIZATION_LEVEL = 0;
				GCC_PREPROCESSOR_DEFINITIONS = (
					"DEBUG=1",
					"$(inherited)",
				);
				GCC_WARN_64_TO_32_BIT_CONVERSION = YES;
				GCC_WARN_ABOUT_RETURN_TYPE = YES_ERROR;
				GCC_WARN_UNDECLARED_SELECTOR = YES;
				GCC_WARN_UNINITIALIZED_AUTOS = YES_AGGRESSIVE;
				GCC_WARN_UNUSED_FUNCTION = YES;
				GCC_WARN_UNUSED_VARIABLE = YES;
				IPHONEOS_DEPLOYMENT_TARGET = 15.5;
				MTL_ENABLE_DEBUG_INFO = INCLUDE_SOURCE;
				MTL_FAST_MATH = YES;
				ONLY_ACTIVE_ARCH = YES;
				SDKROOT = iphoneos;
				SWIFT_ACTIVE_COMPILATION_CONDITIONS = DEBUG;
				SWIFT_OPTIMIZATION_LEVEL = "-Onone";
			};
			name = Debug;
		};
		E4BF4C5C286D7421002B1313 /* Release */ = {
			isa = XCBuildConfiguration;
			buildSettings = {
				ALWAYS_SEARCH_USER_PATHS = NO;
				CLANG_ANALYZER_NONNULL = YES;
				CLANG_ANALYZER_NUMBER_OBJECT_CONVERSION = YES_AGGRESSIVE;
				CLANG_CXX_LANGUAGE_STANDARD = "gnu++17";
				CLANG_ENABLE_MODULES = YES;
				CLANG_ENABLE_OBJC_ARC = YES;
				CLANG_ENABLE_OBJC_WEAK = YES;
				CLANG_WARN_BLOCK_CAPTURE_AUTORELEASING = YES;
				CLANG_WARN_BOOL_CONVERSION = YES;
				CLANG_WARN_COMMA = YES;
				CLANG_WARN_CONSTANT_CONVERSION = YES;
				CLANG_WARN_DEPRECATED_OBJC_IMPLEMENTATIONS = YES;
				CLANG_WARN_DIRECT_OBJC_ISA_USAGE = YES_ERROR;
				CLANG_WARN_DOCUMENTATION_COMMENTS = YES;
				CLANG_WARN_EMPTY_BODY = YES;
				CLANG_WARN_ENUM_CONVERSION = YES;
				CLANG_WARN_INFINITE_RECURSION = YES;
				CLANG_WARN_INT_CONVERSION = YES;
				CLANG_WARN_NON_LITERAL_NULL_CONVERSION = YES;
				CLANG_WARN_OBJC_IMPLICIT_RETAIN_SELF = YES;
				CLANG_WARN_OBJC_LITERAL_CONVERSION = YES;
				CLANG_WARN_OBJC_ROOT_CLASS = YES_ERROR;
				CLANG_WARN_QUOTED_INCLUDE_IN_FRAMEWORK_HEADER = YES;
				CLANG_WARN_RANGE_LOOP_ANALYSIS = YES;
				CLANG_WARN_STRICT_PROTOTYPES = YES;
				CLANG_WARN_SUSPICIOUS_MOVE = YES;
				CLANG_WARN_UNGUARDED_AVAILABILITY = YES_AGGRESSIVE;
				CLANG_WARN_UNREACHABLE_CODE = YES;
				CLANG_WARN__DUPLICATE_METHOD_MATCH = YES;
				COPY_PHASE_STRIP = NO;
				DEBUG_INFORMATION_FORMAT = "dwarf-with-dsym";
				ENABLE_NS_ASSERTIONS = NO;
				ENABLE_STRICT_OBJC_MSGSEND = YES;
				GCC_C_LANGUAGE_STANDARD = gnu11;
				GCC_NO_COMMON_BLOCKS = YES;
				GCC_WARN_64_TO_32_BIT_CONVERSION = YES;
				GCC_WARN_ABOUT_RETURN_TYPE = YES_ERROR;
				GCC_WARN_UNDECLARED_SELECTOR = YES;
				GCC_WARN_UNINITIALIZED_AUTOS = YES_AGGRESSIVE;
				GCC_WARN_UNUSED_FUNCTION = YES;
				GCC_WARN_UNUSED_VARIABLE = YES;
				IPHONEOS_DEPLOYMENT_TARGET = 15.5;
				MTL_ENABLE_DEBUG_INFO = NO;
				MTL_FAST_MATH = YES;
				SDKROOT = iphoneos;
				SWIFT_COMPILATION_MODE = wholemodule;
				SWIFT_OPTIMIZATION_LEVEL = "-O";
				VALIDATE_PRODUCT = YES;
			};
			name = Release;
		};
		E4BF4C5E286D7421002B1313 /* Debug */ = {
			isa = XCBuildConfiguration;
			baseConfigurationReference = F02241B1FEF6AFADEEB34F62 /* Pods-Deers.debug.xcconfig */;
			buildSettings = {
				ASSETCATALOG_COMPILER_APPICON_NAME = AppIcon;
				ASSETCATALOG_COMPILER_GLOBAL_ACCENT_COLOR_NAME = AccentColor;
				CODE_SIGN_STYLE = Automatic;
				CURRENT_PROJECT_VERSION = 1;
				DEVELOPMENT_ASSET_PATHS = "\"Deers/Preview Content\"";
				ENABLE_PREVIEWS = YES;
				GENERATE_INFOPLIST_FILE = YES;
				INFOPLIST_FILE = Deers/Info.plist;
				INFOPLIST_KEY_LSApplicationCategoryType = "";
				INFOPLIST_KEY_UIApplicationSceneManifest_Generation = YES;
				INFOPLIST_KEY_UIApplicationSupportsIndirectInputEvents = YES;
				INFOPLIST_KEY_UILaunchScreen_Generation = YES;
				INFOPLIST_KEY_UISupportedInterfaceOrientations_iPad = "UIInterfaceOrientationPortrait UIInterfaceOrientationPortraitUpsideDown UIInterfaceOrientationLandscapeLeft UIInterfaceOrientationLandscapeRight";
				INFOPLIST_KEY_UISupportedInterfaceOrientations_iPhone = "UIInterfaceOrientationPortrait UIInterfaceOrientationLandscapeLeft UIInterfaceOrientationLandscapeRight";
				LD_RUNPATH_SEARCH_PATHS = (
					"$(inherited)",
					"@executable_path/Frameworks",
				);
				MARKETING_VERSION = 1.0;
				PRODUCT_BUNDLE_IDENTIFIER = com.raywenderlich.Deers;
				PRODUCT_NAME = "$(TARGET_NAME)";
				SWIFT_EMIT_LOC_STRINGS = YES;
				SWIFT_VERSION = 5.0;
				TARGETED_DEVICE_FAMILY = "1,2";
			};
			name = Debug;
		};
		E4BF4C5F286D7421002B1313 /* Release */ = {
			isa = XCBuildConfiguration;
			baseConfigurationReference = 0FD46112982C98BB9872A010 /* Pods-Deers.release.xcconfig */;
			buildSettings = {
				ASSETCATALOG_COMPILER_APPICON_NAME = AppIcon;
				ASSETCATALOG_COMPILER_GLOBAL_ACCENT_COLOR_NAME = AccentColor;
				CODE_SIGN_STYLE = Automatic;
				CURRENT_PROJECT_VERSION = 1;
				DEVELOPMENT_ASSET_PATHS = "\"Deers/Preview Content\"";
				ENABLE_PREVIEWS = YES;
				GENERATE_INFOPLIST_FILE = YES;
				INFOPLIST_FILE = Deers/Info.plist;
				INFOPLIST_KEY_LSApplicationCategoryType = "";
				INFOPLIST_KEY_UIApplicationSceneManifest_Generation = YES;
				INFOPLIST_KEY_UIApplicationSupportsIndirectInputEvents = YES;
				INFOPLIST_KEY_UILaunchScreen_Generation = YES;
				INFOPLIST_KEY_UISupportedInterfaceOrientations_iPad = "UIInterfaceOrientationPortrait UIInterfaceOrientationPortraitUpsideDown UIInterfaceOrientationLandscapeLeft UIInterfaceOrientationLandscapeRight";
				INFOPLIST_KEY_UISupportedInterfaceOrientations_iPhone = "UIInterfaceOrientationPortrait UIInterfaceOrientationLandscapeLeft UIInterfaceOrientationLandscapeRight";
				LD_RUNPATH_SEARCH_PATHS = (
					"$(inherited)",
					"@executable_path/Frameworks",
				);
				MARKETING_VERSION = 1.0;
				PRODUCT_BUNDLE_IDENTIFIER = com.raywenderlich.Deers;
				PRODUCT_NAME = "$(TARGET_NAME)";
				SWIFT_EMIT_LOC_STRINGS = YES;
				SWIFT_VERSION = 5.0;
				TARGETED_DEVICE_FAMILY = "1,2";
			};
			name = Release;
		};
/* End XCBuildConfiguration section */

/* Begin XCConfigurationList section */
		E43CAB63288D8DD2006AA23D /* Build configuration list for PBXNativeTarget "DeersTests" */ = {
			isa = XCConfigurationList;
			buildConfigurations = (
				E43CAB61288D8DD2006AA23D /* Debug */,
				E43CAB62288D8DD2006AA23D /* Release */,
			);
			defaultConfigurationIsVisible = 0;
			defaultConfigurationName = Release;
		};
		E4BF4C4A286D741D002B1313 /* Build configuration list for PBXProject "Deers" */ = {
			isa = XCConfigurationList;
			buildConfigurations = (
				E4BF4C5B286D7421002B1313 /* Debug */,
				E4BF4C5C286D7421002B1313 /* Release */,
			);
			defaultConfigurationIsVisible = 0;
			defaultConfigurationName = Release;
		};
		E4BF4C5D286D7421002B1313 /* Build configuration list for PBXNativeTarget "Deers" */ = {
			isa = XCConfigurationList;
			buildConfigurations = (
				E4BF4C5E286D7421002B1313 /* Debug */,
				E4BF4C5F286D7421002B1313 /* Release */,
			);
			defaultConfigurationIsVisible = 0;
			defaultConfigurationName = Release;
		};
/* End XCConfigurationList section */

/* Begin XCRemoteSwiftPackageReference section */
		E4DAF785288D846E00C9AFF8 /* XCRemoteSwiftPackageReference "SwiftUI-Tooltip" */ = {
			isa = XCRemoteSwiftPackageReference;
			repositoryURL = "https://github.com/quassum/SwiftUI-Tooltip.git";
			requirement = {
				kind = upToNextMajorVersion;
				minimumVersion = 1.0.0;
			};
		};
/* End XCRemoteSwiftPackageReference section */

/* Begin XCSwiftPackageProductDependency section */
		E4DAF786288D846E00C9AFF8 /* SwiftUITooltip */ = {
			isa = XCSwiftPackageProductDependency;
			package = E4DAF785288D846E00C9AFF8 /* XCRemoteSwiftPackageReference "SwiftUI-Tooltip" */;
			productName = SwiftUITooltip;
		};
/* End XCSwiftPackageProductDependency section */
	};
	rootObject = E4BF4C47286D741D002B1313 /* Project object */;
}
